
Microsoft Visual Studio Solution File, Format Version 12.00
# Visual Studio Version 17
VisualStudioVersion = 17.7.34009.444
MinimumVisualStudioVersion = 10.0.40219.1
Project("{FAE04EC0-301F-11D3-BF4B-00C04F79EFBC}") = "1.3Uzduotis_For", "1.3Uzduotis_For\1.3Uzduotis_For.csproj", "{B91CF114-9D15-4899-8BD7-D2845E63CD3C}"
EndProject
Global
	GlobalSection(SolutionConfigurationPlatforms) = preSolution
		Debug|Any CPU = Debug|Any CPU
		Release|Any CPU = Release|Any CPU
	EndGlobalSection
	GlobalSection(ProjectConfigurationPlatforms) = postSolution
		{B91CF114-9D15-4899-8BD7-D2845E63CD3C}.Debug|Any CPU.ActiveCfg = Debug|Any CPU
		{B91CF114-9D15-4899-8BD7-D2845E63CD3C}.Debug|Any CPU.Build.0 = Debug|Any CPU
		{B91CF114-9D15-4899-8BD7-D2845E63CD3C}.Release|Any CPU.ActiveCfg = Release|Any CPU
		{B91CF114-9D15-4899-8BD7-D2845E63CD3C}.Release|Any CPU.Build.0 = Release|Any CPU
	EndGlobalSection
	GlobalSection(SolutionProperties) = preSolution
		HideSolutionNode = FALSE
	EndGlobalSection
	GlobalSection(ExtensibilityGlobals) = postSolution
		SolutionGuid = {23C4BD0A-D33D-4172-A074-EF8C19E7A496}
	EndGlobalSection
EndGlobal
